
Microsoft Visual Studio Solution File, Format Version 12.00
# Visual Studio Version 17
VisualStudioVersion = 17.11.35303.130
MinimumVisualStudioVersion = 10.0.40219.1
Project("{2150E333-8FDC-42A3-9474-1A3956D46DE8}") = "Task0", "Task0", "{42371B36-EBC0-45B7-A5AF-F5C1ECF0B121}"
EndProject
Project("{9A19103F-16F7-4668-BE54-9A1E7A4F7556}") = "Tyuiu.KhvorykhVA.Sprint3.Task0.V4", "Tyuiu.KhvorykhVA.Sprint3.Task0.V4\Tyuiu.KhvorykhVA.Sprint3.Task0.V4.csproj", "{723D4A6A-BDAA-4D26-A43D-4F37670AFE33}"
	ProjectSection(ProjectDependencies) = postProject
		{447DFD49-370C-4D67-9B0E-2C1A8D4EBD52} = {447DFD49-370C-4D67-9B0E-2C1A8D4EBD52}
		{85091A05-9B82-4182-AC5B-458E58671E86} = {85091A05-9B82-4182-AC5B-458E58671E86}
		{CF98ED90-4DEE-4FE5-9B78-9A12BF13A261} = {CF98ED90-4DEE-4FE5-9B78-9A12BF13A261}
		{D6BB1100-7C34-4ABC-B37B-2DAA0CFEA37C} = {D6BB1100-7C34-4ABC-B37B-2DAA0CFEA37C}
	EndProjectSection
EndProject
Project("{9A19103F-16F7-4668-BE54-9A1E7A4F7556}") = "Tyuiu.KhvorykhVA.Sprint3.Task0.V4.Lib", "Tyuiu.KhvorykhVA.Sprint3.Task0.V4.Lib\Tyuiu.KhvorykhVA.Sprint3.Task0.V4.Lib.csproj", "{7F302CDA-BB6A-422E-A272-E8924DD435D7}"
EndProject
Project("{9A19103F-16F7-4668-BE54-9A1E7A4F7556}") = "Tyuiu.KhvorykhVA.Sprint3.Task0.V4.Test", "Tyuiu.KhvorykhVA.Sprint3.Task0.V4.Test\Tyuiu.KhvorykhVA.Sprint3.Task0.V4.Test.csproj", "{85091A05-9B82-4182-AC5B-458E58671E86}"
EndProject
Project("{2150E333-8FDC-42A3-9474-1A3956D46DE8}") = "Task1", "Task1", "{58B77400-7C29-45A8-9EF5-0AF1A15588F2}"
EndProject
Project("{9A19103F-16F7-4668-BE54-9A1E7A4F7556}") = "Tyuiu.KhvorykhVA.Sprint3.Task1.V11", "Tyuiu.KhvorykhVA.Sprint3.Task1.V11\Tyuiu.KhvorykhVA.Sprint3.Task1.V11.csproj", "{447DFD49-370C-4D67-9B0E-2C1A8D4EBD52}"
EndProject
Project("{9A19103F-16F7-4668-BE54-9A1E7A4F7556}") = "Tyuiu.KhvorykhVA.Sprint3.Task1.V11.Lib", "Tyuiu.KhvorykhVA.Sprint3.Task1.V11.Lib\Tyuiu.KhvorykhVA.Sprint3.Task1.V11.Lib.csproj", "{D6BB1100-7C34-4ABC-B37B-2DAA0CFEA37C}"
EndProject
Project("{9A19103F-16F7-4668-BE54-9A1E7A4F7556}") = "Tyuiu.KhvorykhVA.Sprint3.Task1.V11.Test", "Tyuiu.KhvorykhVA.Sprint3.Task1.V11.Test\Tyuiu.KhvorykhVA.Sprint3.Task1.V11.Test.csproj", "{CF98ED90-4DEE-4FE5-9B78-9A12BF13A261}"
EndProject
Project("{2150E333-8FDC-42A3-9474-1A3956D46DE8}") = "Task2", "Task2", "{32888117-71D3-499F-8AFF-946C09DE20A5}"
EndProject
Project("{FAE04EC0-301F-11D3-BF4B-00C04F79EFBC}") = "Tyuiu.KhvorykhVA.Sprint3.Task2.V24", "Tyuiu.KhvorykhVA.Sprint3.Task2.V24\Tyuiu.KhvorykhVA.Sprint3.Task2.V24.csproj", "{B36E1AC4-8C63-4DE6-95C0-7A484C9590B7}"
EndProject
Project("{FAE04EC0-301F-11D3-BF4B-00C04F79EFBC}") = "Tyuiu.KhvorykhVA.Sprint3.Task2.V24.Lib", "Tyuiu.KhvorykhVA.Sprint3.Task2.V24.Lib\Tyuiu.KhvorykhVA.Sprint3.Task2.V24.Lib.csproj", "{FCE00E6E-2DDA-4AD1-91F3-65B76F8A2FED}"
EndProject
Project("{FAE04EC0-301F-11D3-BF4B-00C04F79EFBC}") = "Tyuiu.KhvorykhVA.Sprint3.Task2.V24.Test", "Tyuiu.KhvorykhVA.Sprint3.Task2.V24.Test\Tyuiu.KhvorykhVA.Sprint3.Task2.V24.Test.csproj", "{4BDF1658-DB7C-4FE5-9741-E4F61301DA73}"
EndProject
Project("{2150E333-8FDC-42A3-9474-1A3956D46DE8}") = "Task3", "Task3", "{349AE506-D26A-4193-831D-147046B03BA6}"
EndProject
Project("{2150E333-8FDC-42A3-9474-1A3956D46DE8}") = "Task4", "Task4", "{EDD2E784-0E06-45C6-B589-5865538C6BF1}"
EndProject
Project("{FAE04EC0-301F-11D3-BF4B-00C04F79EFBC}") = "Tyuiu.KhvorykhVA.Sprint3.Task3.V25", "Tyuiu.KhvorykhVA.Sprint3.Task3.V25\Tyuiu.KhvorykhVA.Sprint3.Task3.V25.csproj", "{9FAEF8B3-8AF2-43F1-8804-1B681D82ADAF}"
EndProject
Project("{FAE04EC0-301F-11D3-BF4B-00C04F79EFBC}") = "Tyuiu.KhvorykhVA.Sprint3.Task3.V25.Lib", "Tyuiu.KhvorykhVA.Sprint3.Task3.V25.Lib\Tyuiu.KhvorykhVA.Sprint3.Task3.V25.Lib.csproj", "{D0E6124F-C0D8-49F3-BC63-6462A9B421C6}"
EndProject
Project("{FAE04EC0-301F-11D3-BF4B-00C04F79EFBC}") = "Tyuiu.KhvorykhVA.Sprint3.Task3.V25.Test", "Tyuiu.KhvorykhVA.Sprint3.Task3.V25.Test\Tyuiu.KhvorykhVA.Sprint3.Task3.V25.Test.csproj", "{0F7D97AF-3FCD-4006-82C9-C0F8BF217586}"
EndProject
Project("{FAE04EC0-301F-11D3-BF4B-00C04F79EFBC}") = "Tyuiu.KhvorykhVA.Sprint3.Task4.V20", "Tyuiu.KhvorykhVA.Sprint3.Task4.V20\Tyuiu.KhvorykhVA.Sprint3.Task4.V20.csproj", "{6184A36C-CEF7-41CC-8247-5A11DB474D0D}"
EndProject
Project("{FAE04EC0-301F-11D3-BF4B-00C04F79EFBC}") = "Tyuiu.KhvorykhVA.Sprint3.Task4.V20.Lib", "Tyuiu.KhvorykhVA.Sprint3.Task4.V20.Lib\Tyuiu.KhvorykhVA.Sprint3.Task4.V20.Lib.csproj", "{DD8AFC66-BED2-4E2F-A609-CDCAF831BCBB}"
EndProject
Project("{FAE04EC0-301F-11D3-BF4B-00C04F79EFBC}") = "Tyuiu.KhvorykhVA.Sprint3.Task4.V20.Test", "Tyuiu.KhvorykhVA.Sprint3.Task4.V20.Test\Tyuiu.KhvorykhVA.Sprint3.Task4.V20.Test.csproj", "{0DC7E630-FDC1-4796-86A3-50ECEDEF237D}"
EndProject
Project("{2150E333-8FDC-42A3-9474-1A3956D46DE8}") = "Task5", "Task5", "{C4076AED-DE93-4384-9F77-9E8C9DECAC22}"
EndProject
Project("{FAE04EC0-301F-11D3-BF4B-00C04F79EFBC}") = "Tyuiu.KhvorykhVA.Sprint3.Task5.V27", "Tyuiu.KhvorykhVA.Sprint3.Task5.V27\Tyuiu.KhvorykhVA.Sprint3.Task5.V27.csproj", "{582E3E62-FA46-4A14-8836-56A303F3B792}"
EndProject
Project("{FAE04EC0-301F-11D3-BF4B-00C04F79EFBC}") = "Tyuiu.KhvorykhVA.Sprint3.Task5.V27.Lib", "Tyuiu.KhvorykhVA.Sprint3.Task5.V27.Lib\Tyuiu.KhvorykhVA.Sprint3.Task5.V27.Lib.csproj", "{A8571536-1D9B-4DD3-8CA9-E40251B9BEA6}"
EndProject
Project("{FAE04EC0-301F-11D3-BF4B-00C04F79EFBC}") = "Tyuiu.KhvorykhVA.Sprint3.Task5.V27.Test", "Tyuiu.KhvorykhVA.Sprint3.Task5.V27.Test\Tyuiu.KhvorykhVA.Sprint3.Task5.V27.Test.csproj", "{23498997-1408-4C04-8926-E2FDAD1AF1BA}"
EndProject
Global
	GlobalSection(SolutionConfigurationPlatforms) = preSolution
		Debug|Any CPU = Debug|Any CPU
		Release|Any CPU = Release|Any CPU
	EndGlobalSection
	GlobalSection(ProjectConfigurationPlatforms) = postSolution
		{723D4A6A-BDAA-4D26-A43D-4F37670AFE33}.Debug|Any CPU.ActiveCfg = Debug|Any CPU
		{723D4A6A-BDAA-4D26-A43D-4F37670AFE33}.Debug|Any CPU.Build.0 = Debug|Any CPU
		{723D4A6A-BDAA-4D26-A43D-4F37670AFE33}.Release|Any CPU.ActiveCfg = Release|Any CPU
		{723D4A6A-BDAA-4D26-A43D-4F37670AFE33}.Release|Any CPU.Build.0 = Release|Any CPU
		{7F302CDA-BB6A-422E-A272-E8924DD435D7}.Debug|Any CPU.ActiveCfg = Debug|Any CPU
		{7F302CDA-BB6A-422E-A272-E8924DD435D7}.Debug|Any CPU.Build.0 = Debug|Any CPU
		{7F302CDA-BB6A-422E-A272-E8924DD435D7}.Release|Any CPU.ActiveCfg = Release|Any CPU
		{7F302CDA-BB6A-422E-A272-E8924DD435D7}.Release|Any CPU.Build.0 = Release|Any CPU
		{85091A05-9B82-4182-AC5B-458E58671E86}.Debug|Any CPU.ActiveCfg = Debug|Any CPU
		{85091A05-9B82-4182-AC5B-458E58671E86}.Debug|Any CPU.Build.0 = Debug|Any CPU
		{85091A05-9B82-4182-AC5B-458E58671E86}.Release|Any CPU.ActiveCfg = Release|Any CPU
		{85091A05-9B82-4182-AC5B-458E58671E86}.Release|Any CPU.Build.0 = Release|Any CPU
		{447DFD49-370C-4D67-9B0E-2C1A8D4EBD52}.Debug|Any CPU.ActiveCfg = Debug|Any CPU
		{447DFD49-370C-4D67-9B0E-2C1A8D4EBD52}.Debug|Any CPU.Build.0 = Debug|Any CPU
		{447DFD49-370C-4D67-9B0E-2C1A8D4EBD52}.Release|Any CPU.ActiveCfg = Release|Any CPU
		{447DFD49-370C-4D67-9B0E-2C1A8D4EBD52}.Release|Any CPU.Build.0 = Release|Any CPU
		{D6BB1100-7C34-4ABC-B37B-2DAA0CFEA37C}.Debug|Any CPU.ActiveCfg = Debug|Any CPU
		{D6BB1100-7C34-4ABC-B37B-2DAA0CFEA37C}.Debug|Any CPU.Build.0 = Debug|Any CPU
		{D6BB1100-7C34-4ABC-B37B-2DAA0CFEA37C}.Release|Any CPU.ActiveCfg = Release|Any CPU
		{D6BB1100-7C34-4ABC-B37B-2DAA0CFEA37C}.Release|Any CPU.Build.0 = Release|Any CPU
		{CF98ED90-4DEE-4FE5-9B78-9A12BF13A261}.Debug|Any CPU.ActiveCfg = Debug|Any CPU
		{CF98ED90-4DEE-4FE5-9B78-9A12BF13A261}.Debug|Any CPU.Build.0 = Debug|Any CPU
		{CF98ED90-4DEE-4FE5-9B78-9A12BF13A261}.Release|Any CPU.ActiveCfg = Release|Any CPU
		{CF98ED90-4DEE-4FE5-9B78-9A12BF13A261}.Release|Any CPU.Build.0 = Release|Any CPU
		{B36E1AC4-8C63-4DE6-95C0-7A484C9590B7}.Debug|Any CPU.ActiveCfg = Debug|Any CPU
		{B36E1AC4-8C63-4DE6-95C0-7A484C9590B7}.Debug|Any CPU.Build.0 = Debug|Any CPU
		{B36E1AC4-8C63-4DE6-95C0-7A484C9590B7}.Release|Any CPU.ActiveCfg = Release|Any CPU
		{B36E1AC4-8C63-4DE6-95C0-7A484C9590B7}.Release|Any CPU.Build.0 = Release|Any CPU
		{FCE00E6E-2DDA-4AD1-91F3-65B76F8A2FED}.Debug|Any CPU.ActiveCfg = Debug|Any CPU
		{FCE00E6E-2DDA-4AD1-91F3-65B76F8A2FED}.Debug|Any CPU.Build.0 = Debug|Any CPU
		{FCE00E6E-2DDA-4AD1-91F3-65B76F8A2FED}.Release|Any CPU.ActiveCfg = Release|Any CPU
		{FCE00E6E-2DDA-4AD1-91F3-65B76F8A2FED}.Release|Any CPU.Build.0 = Release|Any CPU
		{4BDF1658-DB7C-4FE5-9741-E4F61301DA73}.Debug|Any CPU.ActiveCfg = Debug|Any CPU
		{4BDF1658-DB7C-4FE5-9741-E4F61301DA73}.Debug|Any CPU.Build.0 = Debug|Any CPU
		{4BDF1658-DB7C-4FE5-9741-E4F61301DA73}.Release|Any CPU.ActiveCfg = Release|Any CPU
		{4BDF1658-DB7C-4FE5-9741-E4F61301DA73}.Release|Any CPU.Build.0 = Release|Any CPU
		{9FAEF8B3-8AF2-43F1-8804-1B681D82ADAF}.Debug|Any CPU.ActiveCfg = Debug|Any CPU
		{9FAEF8B3-8AF2-43F1-8804-1B681D82ADAF}.Debug|Any CPU.Build.0 = Debug|Any CPU
		{9FAEF8B3-8AF2-43F1-8804-1B681D82ADAF}.Release|Any CPU.ActiveCfg = Release|Any CPU
		{9FAEF8B3-8AF2-43F1-8804-1B681D82ADAF}.Release|Any CPU.Build.0 = Release|Any CPU
		{D0E6124F-C0D8-49F3-BC63-6462A9B421C6}.Debug|Any CPU.ActiveCfg = Debug|Any CPU
		{D0E6124F-C0D8-49F3-BC63-6462A9B421C6}.Debug|Any CPU.Build.0 = Debug|Any CPU
		{D0E6124F-C0D8-49F3-BC63-6462A9B421C6}.Release|Any CPU.ActiveCfg = Release|Any CPU
		{D0E6124F-C0D8-49F3-BC63-6462A9B421C6}.Release|Any CPU.Build.0 = Release|Any CPU
		{0F7D97AF-3FCD-4006-82C9-C0F8BF217586}.Debug|Any CPU.ActiveCfg = Debug|Any CPU
		{0F7D97AF-3FCD-4006-82C9-C0F8BF217586}.Debug|Any CPU.Build.0 = Debug|Any CPU
		{0F7D97AF-3FCD-4006-82C9-C0F8BF217586}.Release|Any CPU.ActiveCfg = Release|Any CPU
		{0F7D97AF-3FCD-4006-82C9-C0F8BF217586}.Release|Any CPU.Build.0 = Release|Any CPU
		{6184A36C-CEF7-41CC-8247-5A11DB474D0D}.Debug|Any CPU.ActiveCfg = Debug|Any CPU
		{6184A36C-CEF7-41CC-8247-5A11DB474D0D}.Debug|Any CPU.Build.0 = Debug|Any CPU
		{6184A36C-CEF7-41CC-8247-5A11DB474D0D}.Release|Any CPU.ActiveCfg = Release|Any CPU
		{6184A36C-CEF7-41CC-8247-5A11DB474D0D}.Release|Any CPU.Build.0 = Release|Any CPU
		{DD8AFC66-BED2-4E2F-A609-CDCAF831BCBB}.Debug|Any CPU.ActiveCfg = Debug|Any CPU
		{DD8AFC66-BED2-4E2F-A609-CDCAF831BCBB}.Debug|Any CPU.Build.0 = Debug|Any CPU
		{DD8AFC66-BED2-4E2F-A609-CDCAF831BCBB}.Release|Any CPU.ActiveCfg = Release|Any CPU
		{DD8AFC66-BED2-4E2F-A609-CDCAF831BCBB}.Release|Any CPU.Build.0 = Release|Any CPU
		{0DC7E630-FDC1-4796-86A3-50ECEDEF237D}.Debug|Any CPU.ActiveCfg = Debug|Any CPU
		{0DC7E630-FDC1-4796-86A3-50ECEDEF237D}.Debug|Any CPU.Build.0 = Debug|Any CPU
		{0DC7E630-FDC1-4796-86A3-50ECEDEF237D}.Release|Any CPU.ActiveCfg = Release|Any CPU
		{0DC7E630-FDC1-4796-86A3-50ECEDEF237D}.Release|Any CPU.Build.0 = Release|Any CPU
		{582E3E62-FA46-4A14-8836-56A303F3B792}.Debug|Any CPU.ActiveCfg = Debug|Any CPU
		{582E3E62-FA46-4A14-8836-56A303F3B792}.Debug|Any CPU.Build.0 = Debug|Any CPU
		{582E3E62-FA46-4A14-8836-56A303F3B792}.Release|Any CPU.ActiveCfg = Release|Any CPU
		{582E3E62-FA46-4A14-8836-56A303F3B792}.Release|Any CPU.Build.0 = Release|Any CPU
		{A8571536-1D9B-4DD3-8CA9-E40251B9BEA6}.Debug|Any CPU.ActiveCfg = Debug|Any CPU
		{A8571536-1D9B-4DD3-8CA9-E40251B9BEA6}.Debug|Any CPU.Build.0 = Debug|Any CPU
		{A8571536-1D9B-4DD3-8CA9-E40251B9BEA6}.Release|Any CPU.ActiveCfg = Release|Any CPU
		{A8571536-1D9B-4DD3-8CA9-E40251B9BEA6}.Release|Any CPU.Build.0 = Release|Any CPU
		{23498997-1408-4C04-8926-E2FDAD1AF1BA}.Debug|Any CPU.ActiveCfg = Debug|Any CPU
		{23498997-1408-4C04-8926-E2FDAD1AF1BA}.Debug|Any CPU.Build.0 = Debug|Any CPU
		{23498997-1408-4C04-8926-E2FDAD1AF1BA}.Release|Any CPU.ActiveCfg = Release|Any CPU
		{23498997-1408-4C04-8926-E2FDAD1AF1BA}.Release|Any CPU.Build.0 = Release|Any CPU
	EndGlobalSection
	GlobalSection(SolutionProperties) = preSolution
		HideSolutionNode = FALSE
	EndGlobalSection
	GlobalSection(NestedProjects) = preSolution
		{723D4A6A-BDAA-4D26-A43D-4F37670AFE33} = {42371B36-EBC0-45B7-A5AF-F5C1ECF0B121}
		{7F302CDA-BB6A-422E-A272-E8924DD435D7} = {42371B36-EBC0-45B7-A5AF-F5C1ECF0B121}
		{85091A05-9B82-4182-AC5B-458E58671E86} = {42371B36-EBC0-45B7-A5AF-F5C1ECF0B121}
		{447DFD49-370C-4D67-9B0E-2C1A8D4EBD52} = {58B77400-7C29-45A8-9EF5-0AF1A15588F2}
		{D6BB1100-7C34-4ABC-B37B-2DAA0CFEA37C} = {58B77400-7C29-45A8-9EF5-0AF1A15588F2}
		{CF98ED90-4DEE-4FE5-9B78-9A12BF13A261} = {58B77400-7C29-45A8-9EF5-0AF1A15588F2}
		{B36E1AC4-8C63-4DE6-95C0-7A484C9590B7} = {32888117-71D3-499F-8AFF-946C09DE20A5}
		{FCE00E6E-2DDA-4AD1-91F3-65B76F8A2FED} = {32888117-71D3-499F-8AFF-946C09DE20A5}
		{4BDF1658-DB7C-4FE5-9741-E4F61301DA73} = {32888117-71D3-499F-8AFF-946C09DE20A5}
		{9FAEF8B3-8AF2-43F1-8804-1B681D82ADAF} = {349AE506-D26A-4193-831D-147046B03BA6}
		{D0E6124F-C0D8-49F3-BC63-6462A9B421C6} = {349AE506-D26A-4193-831D-147046B03BA6}
		{0F7D97AF-3FCD-4006-82C9-C0F8BF217586} = {349AE506-D26A-4193-831D-147046B03BA6}
		{6184A36C-CEF7-41CC-8247-5A11DB474D0D} = {EDD2E784-0E06-45C6-B589-5865538C6BF1}
		{DD8AFC66-BED2-4E2F-A609-CDCAF831BCBB} = {EDD2E784-0E06-45C6-B589-5865538C6BF1}
		{0DC7E630-FDC1-4796-86A3-50ECEDEF237D} = {EDD2E784-0E06-45C6-B589-5865538C6BF1}
		{582E3E62-FA46-4A14-8836-56A303F3B792} = {C4076AED-DE93-4384-9F77-9E8C9DECAC22}
		{A8571536-1D9B-4DD3-8CA9-E40251B9BEA6} = {C4076AED-DE93-4384-9F77-9E8C9DECAC22}
		{23498997-1408-4C04-8926-E2FDAD1AF1BA} = {C4076AED-DE93-4384-9F77-9E8C9DECAC22}
	EndGlobalSection
	GlobalSection(ExtensibilityGlobals) = postSolution
		SolutionGuid = {728EC782-55E5-4392-9291-E36DB82B48B0}
	EndGlobalSection
EndGlobal
